
Microsoft Visual Studio Solution File, Format Version 12.00
# Visual Studio Version 16
VisualStudioVersion = 16.0.31229.75
MinimumVisualStudioVersion = 10.0.40219.1
Project("{FAE04EC0-301F-11D3-BF4B-00C04F79EFBC}") = "LearningPortal", "LearningPortal\LearningPortal.csproj", "{73441D66-120A-4FE5-885C-3AB907C69174}"
EndProject
Global
	GlobalSection(SolutionConfigurationPlatforms) = preSolution
		Debug|Any CPU = Debug|Any CPU
		Release|Any CPU = Release|Any CPU
	EndGlobalSection
	GlobalSection(ProjectConfigurationPlatforms) = postSolution
		{73441D66-120A-4FE5-885C-3AB907C69174}.Debug|Any CPU.ActiveCfg = Debug|Any CPU
		{73441D66-120A-4FE5-885C-3AB907C69174}.Debug|Any CPU.Build.0 = Debug|Any CPU
		{73441D66-120A-4FE5-885C-3AB907C69174}.Release|Any CPU.ActiveCfg = Release|Any CPU
		{73441D66-120A-4FE5-885C-3AB907C69174}.Release|Any CPU.Build.0 = Release|Any CPU
	EndGlobalSection
	GlobalSection(SolutionProperties) = preSolution
		HideSolutionNode = FALSE
	EndGlobalSection
	GlobalSection(ExtensibilityGlobals) = postSolution
		SolutionGuid = {F4882578-121E-4913-B830-17648E7E1093}
	EndGlobalSection
EndGlobal
